
Microsoft Visual Studio Solution File, Format Version 12.00
# Visual Studio Version 17
VisualStudioVersion = 17.8.34408.163
MinimumVisualStudioVersion = 10.0.40219.1
Project("{9A19103F-16F7-4668-BE54-9A1E7A4F7556}") = "HttpClientTesting", "HttpClientTesting.csproj", "{47951AA9-1A08-4D4A-AAFC-E7A733D52A85}"
EndProject
Global
	GlobalSection(SolutionConfigurationPlatforms) = preSolution
		Debug|Any CPU = Debug|Any CPU
		Release|Any CPU = Release|Any CPU
	EndGlobalSection
	GlobalSection(ProjectConfigurationPlatforms) = postSolution
		{47951AA9-1A08-4D4A-AAFC-E7A733D52A85}.Debug|Any CPU.ActiveCfg = Debug|Any CPU
		{47951AA9-1A08-4D4A-AAFC-E7A733D52A85}.Debug|Any CPU.Build.0 = Debug|Any CPU
		{47951AA9-1A08-4D4A-AAFC-E7A733D52A85}.Release|Any CPU.ActiveCfg = Release|Any CPU
		{47951AA9-1A08-4D4A-AAFC-E7A733D52A85}.Release|Any CPU.Build.0 = Release|Any CPU
	EndGlobalSection
	GlobalSection(SolutionProperties) = preSolution
		HideSolutionNode = FALSE
	EndGlobalSection
	GlobalSection(ExtensibilityGlobals) = postSolution
		SolutionGuid = {03B0EFFA-6A15-4E07-BAC2-912AF0787BCF}
	EndGlobalSection
EndGlobal
