
Microsoft Visual Studio Solution File, Format Version 12.00
# Visual Studio Version 17
VisualStudioVersion = 17.8.34408.163
MinimumVisualStudioVersion = 10.0.40219.1
Project("{FAE04EC0-301F-11D3-BF4B-00C04F79EFBC}") = "AspNetWithK8S", "AspNetWithK8S\AspNetWithK8S.csproj", "{AEDA7892-B9D4-4BD8-AFA8-CCAD997D71EC}"
EndProject
Global
	GlobalSection(SolutionConfigurationPlatforms) = preSolution
		Debug|Any CPU = Debug|Any CPU
		Release|Any CPU = Release|Any CPU
	EndGlobalSection
	GlobalSection(ProjectConfigurationPlatforms) = postSolution
		{AEDA7892-B9D4-4BD8-AFA8-CCAD997D71EC}.Debug|Any CPU.ActiveCfg = Debug|Any CPU
		{AEDA7892-B9D4-4BD8-AFA8-CCAD997D71EC}.Debug|Any CPU.Build.0 = Debug|Any CPU
		{AEDA7892-B9D4-4BD8-AFA8-CCAD997D71EC}.Release|Any CPU.ActiveCfg = Release|Any CPU
		{AEDA7892-B9D4-4BD8-AFA8-CCAD997D71EC}.Release|Any CPU.Build.0 = Release|Any CPU
	EndGlobalSection
	GlobalSection(SolutionProperties) = preSolution
		HideSolutionNode = FALSE
	EndGlobalSection
	GlobalSection(ExtensibilityGlobals) = postSolution
		SolutionGuid = {A57595E2-2756-4CC7-99E8-EA3489382B9C}
	EndGlobalSection
EndGlobal
