
Microsoft Visual Studio Solution File, Format Version 12.00
# Visual Studio Version 17
VisualStudioVersion = 17.8.34408.163
MinimumVisualStudioVersion = 10.0.40219.1
Project("{9A19103F-16F7-4668-BE54-9A1E7A4F7556}") = "SwaggerWithExamples", "SwaggerWithExamples.csproj", "{7E818926-6FBE-47C3-AE03-03D0B759AC71}"
EndProject
Global
	GlobalSection(SolutionConfigurationPlatforms) = preSolution
		Debug|Any CPU = Debug|Any CPU
		Release|Any CPU = Release|Any CPU
	EndGlobalSection
	GlobalSection(ProjectConfigurationPlatforms) = postSolution
		{7E818926-6FBE-47C3-AE03-03D0B759AC71}.Debug|Any CPU.ActiveCfg = Debug|Any CPU
		{7E818926-6FBE-47C3-AE03-03D0B759AC71}.Debug|Any CPU.Build.0 = Debug|Any CPU
		{7E818926-6FBE-47C3-AE03-03D0B759AC71}.Release|Any CPU.ActiveCfg = Release|Any CPU
		{7E818926-6FBE-47C3-AE03-03D0B759AC71}.Release|Any CPU.Build.0 = Release|Any CPU
	EndGlobalSection
	GlobalSection(SolutionProperties) = preSolution
		HideSolutionNode = FALSE
	EndGlobalSection
	GlobalSection(ExtensibilityGlobals) = postSolution
		SolutionGuid = {183E7AAD-B61D-462A-B739-001B4FFDAA9D}
	EndGlobalSection
EndGlobal
