
Microsoft Visual Studio Solution File, Format Version 12.00
# Visual Studio Version 18
VisualStudioVersion = 18.1.11312.151
MinimumVisualStudioVersion = 10.0.40219.1
Project("{2150E333-8FDC-42A3-9474-1A3956D46DE8}") = "src", "src", "{827E0CD3-B72D-47B6-A68D-7590B98EB39B}"
EndProject
Project("{FAE04EC0-301F-11D3-BF4B-00C04F79EFBC}") = "InsightaAI.LLM", "src\InsightaAI.LLM\InsightaAI.LLM.csproj", "{9C846AF6-1E35-4DA6-B418-1839A8E85D52}"
EndProject
Project("{FAE04EC0-301F-11D3-BF4B-00C04F79EFBC}") = "InsightaAI.LLM.OpenAI", "src\InsightaAI.LLM.OpenAI\InsightaAI.LLM.OpenAI.csproj", "{B7FC68D2-3104-4A49-BE43-E707FD60F826}"
EndProject
Project("{FAE04EC0-301F-11D3-BF4B-00C04F79EFBC}") = "InsightaAI.LLM.Anthropic", "src\InsightaAI.LLM.Anthropic\InsightaAI.LLM.Anthropic.csproj", "{7E2903C5-8D5B-449F-8FC5-3D0B1FE82BCC}"
EndProject
Project("{FAE04EC0-301F-11D3-BF4B-00C04F79EFBC}") = "InsightaAI.Agent", "src\InsightaAI.Agent\InsightaAI.Agent.csproj", "{A1B2C3D4-E5F6-7890-ABCD-EF1234567890}"
EndProject
Project("{2150E333-8FDC-42A3-9474-1A3956D46DE8}") = "tests", "tests", "{0AB3BF05-4346-4AA6-1389-037BE0695223}"
EndProject
Project("{FAE04EC0-301F-11D3-BF4B-00C04F79EFBC}") = "InsightaAI.LLM.Tests", "tests\InsightaAI.LLM.Tests\InsightaAI.LLM.Tests.csproj", "{1B57AF17-A92D-4C09-9128-AB11D9A78C15}"
EndProject
Project("{FAE04EC0-301F-11D3-BF4B-00C04F79EFBC}") = "InsightaAI.Agent.Tests", "tests\InsightaAI.Agent.Tests\InsightaAI.Agent.Tests.csproj", "{B2C3D4E5-F6A7-8901-BCDE-F12345678901}"
EndProject
Project("{FAE04EC0-301F-11D3-BF4B-00C04F79EFBC}") = "InsightaAI.LLM.Gemini", "src\InsightaAI.LLM.Gemini\InsightaAI.LLM.Gemini.csproj", "{875B5F2E-2FA2-44B1-994A-0F11247EDAE2}"
EndProject
Project("{FAE04EC0-301F-11D3-BF4B-00C04F79EFBC}") = "InsightaAI.Tests.Shared", "tests\InsightaAI.Tests.Shared\InsightaAI.Tests.Shared.csproj", "{C5048830-F9EE-4E79-8D2D-7A4D10C85026}"
EndProject
Project("{FAE04EC0-301F-11D3-BF4B-00C04F79EFBC}") = "InsightaAI.Agent.Cli", "src\InsightaAI.Agent.Cli\InsightaAI.Agent.Cli.csproj", "{D63D9DD3-FAA2-4FB8-A21D-150A61E8FDB2}"
EndProject
Project("{FAE04EC0-301F-11D3-BF4B-00C04F79EFBC}") = "InsightaAI.Agent.Diagnostics", "src\InsightaAI.Agent.Diagnostics\InsightaAI.Agent.Diagnostics.csproj", "{3E5858A0-043A-4B3B-ABBA-2D9825DF75E1}"
EndProject
Project("{FAE04EC0-301F-11D3-BF4B-00C04F79EFBC}") = "InsightaAI.Agents.Orchestrator", "src\InsightaAI.Agents.Orchestrator\InsightaAI.Agents.Orchestrator.csproj", "{56AB69AD-7A7A-4CF0-8B8D-406ED76F7266}"
EndProject
Project("{FAE04EC0-301F-11D3-BF4B-00C04F79EFBC}") = "InsightaAI.Agents.Orchestrator.Tests", "tests\InsightaAI.Agents.Orchestrator.Tests\InsightaAI.Agents.Orchestrator.Tests.csproj", "{BF736D48-4E54-4FD7-8694-A98EAFF6DE0E}"
EndProject
Global
	GlobalSection(SolutionConfigurationPlatforms) = preSolution
		Debug|Any CPU = Debug|Any CPU
		Debug|x64 = Debug|x64
		Debug|x86 = Debug|x86
		Release|Any CPU = Release|Any CPU
		Release|x64 = Release|x64
		Release|x86 = Release|x86
	EndGlobalSection
	GlobalSection(ProjectConfigurationPlatforms) = postSolution
		{9C846AF6-1E35-4DA6-B418-1839A8E85D52}.Debug|Any CPU.ActiveCfg = Debug|Any CPU
		{9C846AF6-1E35-4DA6-B418-1839A8E85D52}.Debug|Any CPU.Build.0 = Debug|Any CPU
		{9C846AF6-1E35-4DA6-B418-1839A8E85D52}.Debug|x64.ActiveCfg = Debug|Any CPU
		{9C846AF6-1E35-4DA6-B418-1839A8E85D52}.Debug|x64.Build.0 = Debug|Any CPU
		{9C846AF6-1E35-4DA6-B418-1839A8E85D52}.Debug|x86.ActiveCfg = Debug|Any CPU
		{9C846AF6-1E35-4DA6-B418-1839A8E85D52}.Debug|x86.Build.0 = Debug|Any CPU
		{9C846AF6-1E35-4DA6-B418-1839A8E85D52}.Release|Any CPU.ActiveCfg = Release|Any CPU
		{9C846AF6-1E35-4DA6-B418-1839A8E85D52}.Release|Any CPU.Build.0 = Release|Any CPU
		{9C846AF6-1E35-4DA6-B418-1839A8E85D52}.Release|x64.ActiveCfg = Release|Any CPU
		{9C846AF6-1E35-4DA6-B418-1839A8E85D52}.Release|x64.Build.0 = Release|Any CPU
		{9C846AF6-1E35-4DA6-B418-1839A8E85D52}.Release|x86.ActiveCfg = Release|Any CPU
		{9C846AF6-1E35-4DA6-B418-1839A8E85D52}.Release|x86.Build.0 = Release|Any CPU
		{B7FC68D2-3104-4A49-BE43-E707FD60F826}.Debug|Any CPU.ActiveCfg = Debug|Any CPU
		{B7FC68D2-3104-4A49-BE43-E707FD60F826}.Debug|Any CPU.Build.0 = Debug|Any CPU
		{B7FC68D2-3104-4A49-BE43-E707FD60F826}.Debug|x64.ActiveCfg = Debug|Any CPU
		{B7FC68D2-3104-4A49-BE43-E707FD60F826}.Debug|x64.Build.0 = Debug|Any CPU
		{B7FC68D2-3104-4A49-BE43-E707FD60F826}.Debug|x86.ActiveCfg = Debug|Any CPU
		{B7FC68D2-3104-4A49-BE43-E707FD60F826}.Debug|x86.Build.0 = Debug|Any CPU
		{B7FC68D2-3104-4A49-BE43-E707FD60F826}.Release|Any CPU.ActiveCfg = Release|Any CPU
		{B7FC68D2-3104-4A49-BE43-E707FD60F826}.Release|Any CPU.Build.0 = Release|Any CPU
		{B7FC68D2-3104-4A49-BE43-E707FD60F826}.Release|x64.ActiveCfg = Release|Any CPU
		{B7FC68D2-3104-4A49-BE43-E707FD60F826}.Release|x64.Build.0 = Release|Any CPU
		{B7FC68D2-3104-4A49-BE43-E707FD60F826}.Release|x86.ActiveCfg = Release|Any CPU
		{B7FC68D2-3104-4A49-BE43-E707FD60F826}.Release|x86.Build.0 = Release|Any CPU
		{7E2903C5-8D5B-449F-8FC5-3D0B1FE82BCC}.Debug|Any CPU.ActiveCfg = Debug|Any CPU
		{7E2903C5-8D5B-449F-8FC5-3D0B1FE82BCC}.Debug|Any CPU.Build.0 = Debug|Any CPU
		{7E2903C5-8D5B-449F-8FC5-3D0B1FE82BCC}.Debug|x64.ActiveCfg = Debug|Any CPU
		{7E2903C5-8D5B-449F-8FC5-3D0B1FE82BCC}.Debug|x64.Build.0 = Debug|Any CPU
		{7E2903C5-8D5B-449F-8FC5-3D0B1FE82BCC}.Debug|x86.ActiveCfg = Debug|Any CPU
		{7E2903C5-8D5B-449F-8FC5-3D0B1FE82BCC}.Debug|x86.Build.0 = Debug|Any CPU
		{7E2903C5-8D5B-449F-8FC5-3D0B1FE82BCC}.Release|Any CPU.ActiveCfg = Release|Any CPU
		{7E2903C5-8D5B-449F-8FC5-3D0B1FE82BCC}.Release|Any CPU.Build.0 = Release|Any CPU
		{7E2903C5-8D5B-449F-8FC5-3D0B1FE82BCC}.Release|x64.ActiveCfg = Release|Any CPU
		{7E2903C5-8D5B-449F-8FC5-3D0B1FE82BCC}.Release|x64.Build.0 = Release|Any CPU
		{7E2903C5-8D5B-449F-8FC5-3D0B1FE82BCC}.Release|x86.ActiveCfg = Release|Any CPU
		{7E2903C5-8D5B-449F-8FC5-3D0B1FE82BCC}.Release|x86.Build.0 = Release|Any CPU
		{A1B2C3D4-E5F6-7890-ABCD-EF1234567890}.Debug|Any CPU.ActiveCfg = Debug|Any CPU
		{A1B2C3D4-E5F6-7890-ABCD-EF1234567890}.Debug|Any CPU.Build.0 = Debug|Any CPU
		{A1B2C3D4-E5F6-7890-ABCD-EF1234567890}.Debug|x64.ActiveCfg = Debug|Any CPU
		{A1B2C3D4-E5F6-7890-ABCD-EF1234567890}.Debug|x64.Build.0 = Debug|Any CPU
		{A1B2C3D4-E5F6-7890-ABCD-EF1234567890}.Debug|x86.ActiveCfg = Debug|Any CPU
		{A1B2C3D4-E5F6-7890-ABCD-EF1234567890}.Debug|x86.Build.0 = Debug|Any CPU
		{A1B2C3D4-E5F6-7890-ABCD-EF1234567890}.Release|Any CPU.ActiveCfg = Release|Any CPU
		{A1B2C3D4-E5F6-7890-ABCD-EF1234567890}.Release|Any CPU.Build.0 = Release|Any CPU
		{A1B2C3D4-E5F6-7890-ABCD-EF1234567890}.Release|x64.ActiveCfg = Release|Any CPU
		{A1B2C3D4-E5F6-7890-ABCD-EF1234567890}.Release|x64.Build.0 = Release|Any CPU
		{A1B2C3D4-E5F6-7890-ABCD-EF1234567890}.Release|x86.ActiveCfg = Release|Any CPU
		{A1B2C3D4-E5F6-7890-ABCD-EF1234567890}.Release|x86.Build.0 = Release|Any CPU
		{1B57AF17-A92D-4C09-9128-AB11D9A78C15}.Debug|Any CPU.ActiveCfg = Debug|Any CPU
		{1B57AF17-A92D-4C09-9128-AB11D9A78C15}.Debug|Any CPU.Build.0 = Debug|Any CPU
		{1B57AF17-A92D-4C09-9128-AB11D9A78C15}.Debug|x64.ActiveCfg = Debug|Any CPU
		{1B57AF17-A92D-4C09-9128-AB11D9A78C15}.Debug|x64.Build.0 = Debug|Any CPU
		{1B57AF17-A92D-4C09-9128-AB11D9A78C15}.Debug|x86.ActiveCfg = Debug|Any CPU
		{1B57AF17-A92D-4C09-9128-AB11D9A78C15}.Debug|x86.Build.0 = Debug|Any CPU
		{1B57AF17-A92D-4C09-9128-AB11D9A78C15}.Release|Any CPU.ActiveCfg = Release|Any CPU
		{1B57AF17-A92D-4C09-9128-AB11D9A78C15}.Release|Any CPU.Build.0 = Release|Any CPU
		{1B57AF17-A92D-4C09-9128-AB11D9A78C15}.Release|x64.ActiveCfg = Release|Any CPU
		{1B57AF17-A92D-4C09-9128-AB11D9A78C15}.Release|x64.Build.0 = Release|Any CPU
		{1B57AF17-A92D-4C09-9128-AB11D9A78C15}.Release|x86.ActiveCfg = Release|Any CPU
		{1B57AF17-A92D-4C09-9128-AB11D9A78C15}.Release|x86.Build.0 = Release|Any CPU
		{B2C3D4E5-F6A7-8901-BCDE-F12345678901}.Debug|Any CPU.ActiveCfg = Debug|Any CPU
		{B2C3D4E5-F6A7-8901-BCDE-F12345678901}.Debug|Any CPU.Build.0 = Debug|Any CPU
		{B2C3D4E5-F6A7-8901-BCDE-F12345678901}.Debug|x64.ActiveCfg = Debug|Any CPU
		{B2C3D4E5-F6A7-8901-BCDE-F12345678901}.Debug|x64.Build.0 = Debug|Any CPU
		{B2C3D4E5-F6A7-8901-BCDE-F12345678901}.Debug|x86.ActiveCfg = Debug|Any CPU
		{B2C3D4E5-F6A7-8901-BCDE-F12345678901}.Debug|x86.Build.0 = Debug|Any CPU
		{B2C3D4E5-F6A7-8901-BCDE-F12345678901}.Release|Any CPU.ActiveCfg = Release|Any CPU
		{B2C3D4E5-F6A7-8901-BCDE-F12345678901}.Release|Any CPU.Build.0 = Release|Any CPU
		{B2C3D4E5-F6A7-8901-BCDE-F12345678901}.Release|x64.ActiveCfg = Release|Any CPU
		{B2C3D4E5-F6A7-8901-BCDE-F12345678901}.Release|x64.Build.0 = Release|Any CPU
		{B2C3D4E5-F6A7-8901-BCDE-F12345678901}.Release|x86.ActiveCfg = Release|Any CPU
		{B2C3D4E5-F6A7-8901-BCDE-F12345678901}.Release|x86.Build.0 = Release|Any CPU
		{875B5F2E-2FA2-44B1-994A-0F11247EDAE2}.Debug|Any CPU.ActiveCfg = Debug|Any CPU
		{875B5F2E-2FA2-44B1-994A-0F11247EDAE2}.Debug|Any CPU.Build.0 = Debug|Any CPU
		{875B5F2E-2FA2-44B1-994A-0F11247EDAE2}.Debug|x64.ActiveCfg = Debug|Any CPU
		{875B5F2E-2FA2-44B1-994A-0F11247EDAE2}.Debug|x64.Build.0 = Debug|Any CPU
		{875B5F2E-2FA2-44B1-994A-0F11247EDAE2}.Debug|x86.ActiveCfg = Debug|Any CPU
		{875B5F2E-2FA2-44B1-994A-0F11247EDAE2}.Debug|x86.Build.0 = Debug|Any CPU
		{875B5F2E-2FA2-44B1-994A-0F11247EDAE2}.Release|Any CPU.ActiveCfg = Release|Any CPU
		{875B5F2E-2FA2-44B1-994A-0F11247EDAE2}.Release|Any CPU.Build.0 = Release|Any CPU
		{875B5F2E-2FA2-44B1-994A-0F11247EDAE2}.Release|x64.ActiveCfg = Release|Any CPU
		{875B5F2E-2FA2-44B1-994A-0F11247EDAE2}.Release|x64.Build.0 = Release|Any CPU
		{875B5F2E-2FA2-44B1-994A-0F11247EDAE2}.Release|x86.ActiveCfg = Release|Any CPU
		{875B5F2E-2FA2-44B1-994A-0F11247EDAE2}.Release|x86.Build.0 = Release|Any CPU
		{C5048830-F9EE-4E79-8D2D-7A4D10C85026}.Debug|Any CPU.ActiveCfg = Debug|Any CPU
		{C5048830-F9EE-4E79-8D2D-7A4D10C85026}.Debug|Any CPU.Build.0 = Debug|Any CPU
		{C5048830-F9EE-4E79-8D2D-7A4D10C85026}.Debug|x64.ActiveCfg = Debug|Any CPU
		{C5048830-F9EE-4E79-8D2D-7A4D10C85026}.Debug|x64.Build.0 = Debug|Any CPU
		{C5048830-F9EE-4E79-8D2D-7A4D10C85026}.Debug|x86.ActiveCfg = Debug|Any CPU
		{C5048830-F9EE-4E79-8D2D-7A4D10C85026}.Debug|x86.Build.0 = Debug|Any CPU
		{C5048830-F9EE-4E79-8D2D-7A4D10C85026}.Release|Any CPU.ActiveCfg = Release|Any CPU
		{C5048830-F9EE-4E79-8D2D-7A4D10C85026}.Release|Any CPU.Build.0 = Release|Any CPU
		{C5048830-F9EE-4E79-8D2D-7A4D10C85026}.Release|x64.ActiveCfg = Release|Any CPU
		{C5048830-F9EE-4E79-8D2D-7A4D10C85026}.Release|x64.Build.0 = Release|Any CPU
		{C5048830-F9EE-4E79-8D2D-7A4D10C85026}.Release|x86.ActiveCfg = Release|Any CPU
		{C5048830-F9EE-4E79-8D2D-7A4D10C85026}.Release|x86.Build.0 = Release|Any CPU
		{D63D9DD3-FAA2-4FB8-A21D-150A61E8FDB2}.Debug|Any CPU.ActiveCfg = Debug|Any CPU
		{D63D9DD3-FAA2-4FB8-A21D-150A61E8FDB2}.Debug|Any CPU.Build.0 = Debug|Any CPU
		{D63D9DD3-FAA2-4FB8-A21D-150A61E8FDB2}.Debug|x64.ActiveCfg = Debug|Any CPU
		{D63D9DD3-FAA2-4FB8-A21D-150A61E8FDB2}.Debug|x64.Build.0 = Debug|Any CPU
		{D63D9DD3-FAA2-4FB8-A21D-150A61E8FDB2}.Debug|x86.ActiveCfg = Debug|Any CPU
		{D63D9DD3-FAA2-4FB8-A21D-150A61E8FDB2}.Debug|x86.Build.0 = Debug|Any CPU
		{D63D9DD3-FAA2-4FB8-A21D-150A61E8FDB2}.Release|Any CPU.ActiveCfg = Release|Any CPU
		{D63D9DD3-FAA2-4FB8-A21D-150A61E8FDB2}.Release|Any CPU.Build.0 = Release|Any CPU
		{D63D9DD3-FAA2-4FB8-A21D-150A61E8FDB2}.Release|x64.ActiveCfg = Release|Any CPU
		{D63D9DD3-FAA2-4FB8-A21D-150A61E8FDB2}.Release|x64.Build.0 = Release|Any CPU
		{D63D9DD3-FAA2-4FB8-A21D-150A61E8FDB2}.Release|x86.ActiveCfg = Release|Any CPU
		{D63D9DD3-FAA2-4FB8-A21D-150A61E8FDB2}.Release|x86.Build.0 = Release|Any CPU
		{3E5858A0-043A-4B3B-ABBA-2D9825DF75E1}.Debug|Any CPU.ActiveCfg = Debug|Any CPU
		{3E5858A0-043A-4B3B-ABBA-2D9825DF75E1}.Debug|Any CPU.Build.0 = Debug|Any CPU
		{3E5858A0-043A-4B3B-ABBA-2D9825DF75E1}.Debug|x64.ActiveCfg = Debug|Any CPU
		{3E5858A0-043A-4B3B-ABBA-2D9825DF75E1}.Debug|x64.Build.0 = Debug|Any CPU
		{3E5858A0-043A-4B3B-ABBA-2D9825DF75E1}.Debug|x86.ActiveCfg = Debug|Any CPU
		{3E5858A0-043A-4B3B-ABBA-2D9825DF75E1}.Debug|x86.Build.0 = Debug|Any CPU
		{3E5858A0-043A-4B3B-ABBA-2D9825DF75E1}.Release|Any CPU.ActiveCfg = Release|Any CPU
		{3E5858A0-043A-4B3B-ABBA-2D9825DF75E1}.Release|Any CPU.Build.0 = Release|Any CPU
		{3E5858A0-043A-4B3B-ABBA-2D9825DF75E1}.Release|x64.ActiveCfg = Release|Any CPU
		{3E5858A0-043A-4B3B-ABBA-2D9825DF75E1}.Release|x64.Build.0 = Release|Any CPU
		{3E5858A0-043A-4B3B-ABBA-2D9825DF75E1}.Release|x86.ActiveCfg = Release|Any CPU
		{3E5858A0-043A-4B3B-ABBA-2D9825DF75E1}.Release|x86.Build.0 = Release|Any CPU
		{56AB69AD-7A7A-4CF0-8B8D-406ED76F7266}.Debug|Any CPU.ActiveCfg = Debug|Any CPU
		{56AB69AD-7A7A-4CF0-8B8D-406ED76F7266}.Debug|Any CPU.Build.0 = Debug|Any CPU
		{56AB69AD-7A7A-4CF0-8B8D-406ED76F7266}.Debug|x64.ActiveCfg = Debug|Any CPU
		{56AB69AD-7A7A-4CF0-8B8D-406ED76F7266}.Debug|x64.Build.0 = Debug|Any CPU
		{56AB69AD-7A7A-4CF0-8B8D-406ED76F7266}.Debug|x86.ActiveCfg = Debug|Any CPU
		{56AB69AD-7A7A-4CF0-8B8D-406ED76F7266}.Debug|x86.Build.0 = Debug|Any CPU
		{56AB69AD-7A7A-4CF0-8B8D-406ED76F7266}.Release|Any CPU.ActiveCfg = Release|Any CPU
		{56AB69AD-7A7A-4CF0-8B8D-406ED76F7266}.Release|Any CPU.Build.0 = Release|Any CPU
		{56AB69AD-7A7A-4CF0-8B8D-406ED76F7266}.Release|x64.ActiveCfg = Release|Any CPU
		{56AB69AD-7A7A-4CF0-8B8D-406ED76F7266}.Release|x64.Build.0 = Release|Any CPU
		{56AB69AD-7A7A-4CF0-8B8D-406ED76F7266}.Release|x86.ActiveCfg = Release|Any CPU
		{56AB69AD-7A7A-4CF0-8B8D-406ED76F7266}.Release|x86.Build.0 = Release|Any CPU
		{BF736D48-4E54-4FD7-8694-A98EAFF6DE0E}.Debug|Any CPU.ActiveCfg = Debug|Any CPU
		{BF736D48-4E54-4FD7-8694-A98EAFF6DE0E}.Debug|Any CPU.Build.0 = Debug|Any CPU
		{BF736D48-4E54-4FD7-8694-A98EAFF6DE0E}.Debug|x64.ActiveCfg = Debug|Any CPU
		{BF736D48-4E54-4FD7-8694-A98EAFF6DE0E}.Debug|x64.Build.0 = Debug|Any CPU
		{BF736D48-4E54-4FD7-8694-A98EAFF6DE0E}.Debug|x86.ActiveCfg = Debug|Any CPU
		{BF736D48-4E54-4FD7-8694-A98EAFF6DE0E}.Debug|x86.Build.0 = Debug|Any CPU
		{BF736D48-4E54-4FD7-8694-A98EAFF6DE0E}.Release|Any CPU.ActiveCfg = Release|Any CPU
		{BF736D48-4E54-4FD7-8694-A98EAFF6DE0E}.Release|Any CPU.Build.0 = Release|Any CPU
		{BF736D48-4E54-4FD7-8694-A98EAFF6DE0E}.Release|x64.ActiveCfg = Release|Any CPU
		{BF736D48-4E54-4FD7-8694-A98EAFF6DE0E}.Release|x64.Build.0 = Release|Any CPU
		{BF736D48-4E54-4FD7-8694-A98EAFF6DE0E}.Release|x86.ActiveCfg = Release|Any CPU
		{BF736D48-4E54-4FD7-8694-A98EAFF6DE0E}.Release|x86.Build.0 = Release|Any CPU
	EndGlobalSection
	GlobalSection(SolutionProperties) = preSolution
		HideSolutionNode = FALSE
	EndGlobalSection
	GlobalSection(NestedProjects) = preSolution
		{9C846AF6-1E35-4DA6-B418-1839A8E85D52} = {827E0CD3-B72D-47B6-A68D-7590B98EB39B}
		{B7FC68D2-3104-4A49-BE43-E707FD60F826} = {827E0CD3-B72D-47B6-A68D-7590B98EB39B}
		{7E2903C5-8D5B-449F-8FC5-3D0B1FE82BCC} = {827E0CD3-B72D-47B6-A68D-7590B98EB39B}
		{A1B2C3D4-E5F6-7890-ABCD-EF1234567890} = {827E0CD3-B72D-47B6-A68D-7590B98EB39B}
		{1B57AF17-A92D-4C09-9128-AB11D9A78C15} = {0AB3BF05-4346-4AA6-1389-037BE0695223}
		{B2C3D4E5-F6A7-8901-BCDE-F12345678901} = {0AB3BF05-4346-4AA6-1389-037BE0695223}
		{875B5F2E-2FA2-44B1-994A-0F11247EDAE2} = {827E0CD3-B72D-47B6-A68D-7590B98EB39B}
		{C5048830-F9EE-4E79-8D2D-7A4D10C85026} = {0AB3BF05-4346-4AA6-1389-037BE0695223}
		{D63D9DD3-FAA2-4FB8-A21D-150A61E8FDB2} = {827E0CD3-B72D-47B6-A68D-7590B98EB39B}
		{3E5858A0-043A-4B3B-ABBA-2D9825DF75E1} = {827E0CD3-B72D-47B6-A68D-7590B98EB39B}
		{56AB69AD-7A7A-4CF0-8B8D-406ED76F7266} = {827E0CD3-B72D-47B6-A68D-7590B98EB39B}
		{BF736D48-4E54-4FD7-8694-A98EAFF6DE0E} = {0AB3BF05-4346-4AA6-1389-037BE0695223}
	EndGlobalSection
	GlobalSection(ExtensibilityGlobals) = postSolution
		SolutionGuid = {58928D85-4E3B-4C4E-BE47-0E80281845C2}
	EndGlobalSection
EndGlobal
